
Microsoft Visual Studio Solution File, Format Version 12.00
Project("{2150E333-8FDC-42A3-9474-1A3956D46DE8}") = "repo", "repo", "{194CAA04-6132-4060-9DF7-5D98ECD321CE}"
	ProjectSection(SolutionItems) = preProject
		.gitignore = .gitignore
		README.md = README.md
		.github\workflows\dotnet.yml = .github\workflows\dotnet.yml
	EndProjectSection
EndProject
Project("{2150E333-8FDC-42A3-9474-1A3956D46DE8}") = "src", "src", "{BE2DDE7E-CFF5-403E-8A2B-8F44803AEB3A}"
EndProject
Project("{FAE04EC0-301F-11D3-BF4B-00C04F79EFBC}") = "CodeGeneration", "src\CodeGeneration.csproj", "{3C8D219F-3AE4-44F4-9BDA-CD48B4E50251}"
EndProject
Project("{2150E333-8FDC-42A3-9474-1A3956D46DE8}") = "tests", "tests", "{F52DBCF2-491A-4371-B554-0F77B1DB7FD6}"
EndProject
Project("{FAE04EC0-301F-11D3-BF4B-00C04F79EFBC}") = "TestProject", "tests\Tests.csproj", "{B7A4C0AB-D336-4704-869C-69DF4BC4E3D1}"
EndProject
Global
	GlobalSection(SolutionConfigurationPlatforms) = preSolution
		Debug|Any CPU = Debug|Any CPU
		Release|Any CPU = Release|Any CPU
	EndGlobalSection
	GlobalSection(NestedProjects) = preSolution
		{3C8D219F-3AE4-44F4-9BDA-CD48B4E50251} = {BE2DDE7E-CFF5-403E-8A2B-8F44803AEB3A}
		{B7A4C0AB-D336-4704-869C-69DF4BC4E3D1} = {F52DBCF2-491A-4371-B554-0F77B1DB7FD6}
	EndGlobalSection
	GlobalSection(ProjectConfigurationPlatforms) = postSolution
		{3C8D219F-3AE4-44F4-9BDA-CD48B4E50251}.Debug|Any CPU.ActiveCfg = Debug|Any CPU
		{3C8D219F-3AE4-44F4-9BDA-CD48B4E50251}.Debug|Any CPU.Build.0 = Debug|Any CPU
		{3C8D219F-3AE4-44F4-9BDA-CD48B4E50251}.Release|Any CPU.ActiveCfg = Release|Any CPU
		{3C8D219F-3AE4-44F4-9BDA-CD48B4E50251}.Release|Any CPU.Build.0 = Release|Any CPU
		{B7A4C0AB-D336-4704-869C-69DF4BC4E3D1}.Debug|Any CPU.ActiveCfg = Debug|Any CPU
		{B7A4C0AB-D336-4704-869C-69DF4BC4E3D1}.Debug|Any CPU.Build.0 = Debug|Any CPU
		{B7A4C0AB-D336-4704-869C-69DF4BC4E3D1}.Release|Any CPU.ActiveCfg = Release|Any CPU
		{B7A4C0AB-D336-4704-869C-69DF4BC4E3D1}.Release|Any CPU.Build.0 = Release|Any CPU
	EndGlobalSection
EndGlobal
